
Microsoft Visual Studio Solution File, Format Version 12.00
# Visual Studio Version 17
VisualStudioVersion = 17.10.35027.167
MinimumVisualStudioVersion = 10.0.40219.1
Project("{FAE04EC0-301F-11D3-BF4B-00C04F79EFBC}") = "GreetingApplication", "GreetingApplication\GreetingApplication.csproj", "{3F8C548C-640F-4377-855E-F625C326DF78}"
EndProject
Global
	GlobalSection(SolutionConfigurationPlatforms) = preSolution
		Debug|Any CPU = Debug|Any CPU
		Release|Any CPU = Release|Any CPU
	EndGlobalSection
	GlobalSection(ProjectConfigurationPlatforms) = postSolution
		{3F8C548C-640F-4377-855E-F625C326DF78}.Debug|Any CPU.ActiveCfg = Debug|Any CPU
		{3F8C548C-640F-4377-855E-F625C326DF78}.Debug|Any CPU.Build.0 = Debug|Any CPU
		{3F8C548C-640F-4377-855E-F625C326DF78}.Release|Any CPU.ActiveCfg = Release|Any CPU
		{3F8C548C-640F-4377-855E-F625C326DF78}.Release|Any CPU.Build.0 = Release|Any CPU
	EndGlobalSection
	GlobalSection(SolutionProperties) = preSolution
		HideSolutionNode = FALSE
	EndGlobalSection
	GlobalSection(ExtensibilityGlobals) = postSolution
		SolutionGuid = {F715A9EA-2187-4E4A-B87D-55E3495D6576}
	EndGlobalSection
EndGlobal
